{
    "_readme": [
        "This file locks the dependencies of your project to a known state",
        "Read more about it at https://getcomposer.org/doc/01-basic-usage.md#composer-lock-the-lock-file",
        "This file is @generated automatically"
    ],
    "hash": "7ddd3eb52b8f4e3fbc83fe5cf360817e",
    "packages": [],
    "packages-dev": [
        {
            "name": "monii/reflection-properties-serializer",
            "version": "dev-master",
            "source": {
                "type": "git",
                "url": "https://github.com/monii/monii-reflection-properties-serializer.git",
                "reference": "30e1b50f6ef528fdc10d6bc468114e55f76f05fb"
            },
            "dist": {
                "type": "zip",
                "url": "https://api.github.com/repos/monii/monii-reflection-properties-serializer/zipball/30e1b50f6ef528fdc10d6bc468114e55f76f05fb",
                "reference": "30e1b50f6ef528fdc10d6bc468114e55f76f05fb",
                "shasum": ""
            },
            "require": {
                "php": ">=5.5"
            },
            "require-dev": {
                "phpunit/phpunit": "^4.7",
                "squizlabs/php_codesniffer": "^2.3"
            },
            "type": "library",
            "extra": {
                "branch-alias": {
                    "dev-master": "0.0.x-dev"
                }
            },
            "autoload": {
                "psr-4": {
                    "Monii\\Serialization\\ReflectionPropertiesSerializer\\": "src"
                }
            },
            "notification-url": "https://packagist.org/downloads/",
            "license": [
                "MIT"
            ],
            "authors": [
                {
                    "name": "Beau Simensen",
                    "email": "beau@dflydev.com"
                },
                {
                    "name": "monii.io",
                    "email": "team@monii.com"
                },
                {
                    "name": "Steve Marks",
                    "email": "steve.marks@monii.com"
                },
                {
                    "name": "Alec Charlton",
                    "email": "alec.charlton@monii.com"
                }
            ],
            "description": "Reflection Properties Serializer",
            "keywords": [
                "properties",
                "reflection",
                "serializer"
            ],
            "time": "2015-08-29 03:04:16"
        }
    ],
    "aliases": [],
    "minimum-stability": "stable",
    "stability-flags": {
        "monii/reflection-properties-serializer": 20
    },
    "prefer-stable": false,
    "prefer-lowest": false,
    "platform": [],
    "platform-dev": []
}
